{
  "version": 4,
  "terraform_version": "1.10.5",
  "serial": 1,
  "lineage": "cb758719-735b-93a3-d5dc-bdca0b468ec6",
  "outputs": {},
  "resources": [
    {
      "mode": "managed",
      "type": "azurerm_resource_group",
      "name": "rg",
      "provider": "provider[\"registry.terraform.io/hashicorp/azurerm\"]",
      "instances": [
        {
          "schema_version": 0,
          "attributes": {
            "id": "/subscriptions/33d063dc-2392-4d6f-ba58-3128b84aa2fc/resourceGroups/RG-Terraform-Storage-GWC-01",
            "location": "germanywestcentral",
            "managed_by": "",
            "name": "RG-Terraform-Storage-GWC-01",
            "tags": null,
            "timeouts": null
          },
          "sensitive_attributes": [],
          "private": "eyJlMmJmYjczMC1lY2FhLTExZTYtOGY4OC0zNDM2M2JjN2M0YzAiOnsiY3JlYXRlIjo1NDAwMDAwMDAwMDAwLCJkZWxldGUiOjU0MDAwMDAwMDAwMDAsInJlYWQiOjMwMDAwMDAwMDAwMCwidXBkYXRlIjo1NDAwMDAwMDAwMDAwfX0="
        }
      ]
    }
  ],
  "check_results": null
}
