{
  "version": 4,
  "terraform_version": "1.10.5",
  "serial": 10,
  "lineage": "4fad28d8-09ac-71fb-ce4f-7341cfc55352",
  "outputs": {},
  "resources": [
    {
      "mode": "managed",
      "type": "azurerm_resource_group",
      "name": "rg",
      "provider": "provider[\"registry.terraform.io/hashicorp/azurerm\"]",
      "instances": [
        {
          "schema_version": 0,
          "attributes": {
            "id": "/subscriptions/33d063dc-2392-4d6f-ba58-3128b84aa2fc/resourceGroups/RG-Terraform-VNET-GWC-01",
            "location": "germanywestcentral",
            "managed_by": "",
            "name": "RG-Terraform-VNET-GWC-01",
            "tags": {},
            "timeouts": null
          },
          "sensitive_attributes": [],
          "private": "eyJlMmJmYjczMC1lY2FhLTExZTYtOGY4OC0zNDM2M2JjN2M0YzAiOnsiY3JlYXRlIjo1NDAwMDAwMDAwMDAwLCJkZWxldGUiOjU0MDAwMDAwMDAwMDAsInJlYWQiOjMwMDAwMDAwMDAwMCwidXBkYXRlIjo1NDAwMDAwMDAwMDAwfX0="
        }
      ]
    },
    {
      "mode": "managed",
      "type": "azurerm_virtual_network",
      "name": "vnet",
      "provider": "provider[\"registry.terraform.io/hashicorp/azurerm\"]",
      "instances": [
        {
          "schema_version": 0,
          "attributes": {
            "address_space": [
              "174.0.0.0/16"
            ],
            "bgp_community": "",
            "ddos_protection_plan": [],
            "dns_servers": [],
            "edge_zone": "",
            "encryption": [],
            "flow_timeout_in_minutes": 0,
            "guid": "0a2d4c97-6ef7-46b9-8307-5b256641abad",
            "id": "/subscriptions/33d063dc-2392-4d6f-ba58-3128b84aa2fc/resourceGroups/RG-Terraform-VNET-GWC-01/providers/Microsoft.Network/virtualNetworks/VNET-Terraform-GWC-01",
            "location": "germanywestcentral",
            "name": "VNET-Terraform-GWC-01",
            "private_endpoint_vnet_policies": "Disabled",
            "resource_group_name": "RG-Terraform-VNET-GWC-01",
            "subnet": [],
            "tags": {},
            "timeouts": null
          },
          "sensitive_attributes": [],
          "private": "eyJlMmJmYjczMC1lY2FhLTExZTYtOGY4OC0zNDM2M2JjN2M0YzAiOnsiY3JlYXRlIjoxODAwMDAwMDAwMDAwLCJkZWxldGUiOjE4MDAwMDAwMDAwMDAsInJlYWQiOjMwMDAwMDAwMDAwMCwidXBkYXRlIjoxODAwMDAwMDAwMDAwfX0=",
          "dependencies": [
            "azurerm_resource_group.rg"
          ]
        }
      ]
    }
  ],
  "check_results": null
}
